<Solution>
  <Project Path="Realm.Shared/Realm.Shared.csproj" />
  <Project Path="Realm.Ecs.Tests/Realm.Ecs.Tests.csproj" />
  <Project Path="Realm.Distribution.Tests/Realm.Distribution.Tests.csproj" />
  <Project Path="Realm.Ecs/Realm.Ecs.csproj" />
  <Project Path="Realm.Godot/Realm.Godot.csproj" />
  <Project Path="Realm.Lobby/Realm.Lobby.csproj" />
  <Project Path="Realm.MapAPI/Realm.MapAPI.csproj" />
  <Project Path="Realm.MapEditorExtension/Realm.MapEditorExtension.csproj" />
  <Project Path="Realm.Tools.Cli/Realm.Tools.Cli.csproj" />
  <Project Path="Realm.TranslationTool/Realm.TranslationTool.csproj" />
  <Project Path="Realm.WasmBindgen/Realm.WasmBindgen.csproj" />
</Solution>
