Microsoft Visual Studio Solution File, Format Version 12.00
# Visual Studio Version 18
VisualStudioVersion = 18.0.11222.15
MinimumVisualStudioVersion = 10.0.40219.1
Project("{FAE04EC0-301F-11D3-BF4B-00C04F79EFBC}") = "Realm.Lobby", "Realm.Lobby\Realm.Lobby.csproj", "{09B5D9F6-2702-C3EE-DD53-34FBA82563C4}"
EndProject
Project("{FAE04EC0-301F-11D3-BF4B-00C04F79EFBC}") = "Realm.Godot", "Realm.Godot\Realm.Godot.csproj", "{DBC6348B-A153-D07B-789E-B77F1D1598E3}"
EndProject
Project("{FAE04EC0-301F-11D3-BF4B-00C04F79EFBC}") = "Realm.Ecs", "Realm.Ecs\Realm.Ecs.csproj", "{7795A43F-6CEE-1B54-B381-3B59DDD8C13A}"
EndProject
Project("{FAE04EC0-301F-11D3-BF4B-00C04F79EFBC}") = "Realm.MapAPI", "Realm.MapAPI\Realm.MapAPI.csproj", "{8B3AA42A-BA32-4AFF-92A7-524B80329F90}"
EndProject
Project("{FAE04EC0-301F-11D3-BF4B-00C04F79EFBC}") = "Realm.MapEditorExtension", "Realm.MapEditorExtension\Realm.MapEditorExtension.csproj", "{7240C590-F327-4F8F-BC6F-75DE1DF82534}"
EndProject
Project("{FAE04EC0-301F-11D3-BF4B-00C04F79EFBC}") = "Realm.Ecs.Tests", "Realm.Ecs.Tests\Realm.Ecs.Tests.csproj", "{4DA0E7F6-4213-4A3B-8DC5-E07CEA0C6584}"
EndProject
Project("{2150E333-8FDC-42A3-9474-1A3956D46DE8}") = "Godot", "Godot", "{1A2F7B9D-5846-1528-F563-C545B7A46BFA}"
EndProject
Project("{2150E333-8FDC-42A3-9474-1A3956D46DE8}") = "Maps", "Maps", "{68E0F389-9CC9-3EEE-FBCF-ED9971472459}"
EndProject
Project("{2150E333-8FDC-42A3-9474-1A3956D46DE8}") = "blank_map", "blank_map", "{58469D08-8E5C-EFD4-ED08-D1564182FF85}"
EndProject
Project("{FAE04EC0-301F-11D3-BF4B-00C04F79EFBC}") = "MapScript", "Realm.Godot\Maps\blank_map\MapScript.csproj", "{111980B3-7340-48A9-9F4F-D41087DC4160}"
EndProject
Project("{2150E333-8FDC-42A3-9474-1A3956D46DE8}") = "melee", "melee", "{62018361-E2A6-0A28-C1F4-0F8FCE541FB5}"
EndProject
Project("{FAE04EC0-301F-11D3-BF4B-00C04F79EFBC}") = "MapScript", "Realm.Godot\Maps\melee\MapScript.csproj", "{D05BE2F8-E425-45CE-BF12-070AAC7CF577}"
EndProject
Global
	GlobalSection(SolutionConfigurationPlatforms) = preSolution
		Debug|Any CPU = Debug|Any CPU
		Debug|x64 = Debug|x64
		Debug|x86 = Debug|x86
		Release|Any CPU = Release|Any CPU
		Release|x64 = Release|x64
		Release|x86 = Release|x86
	EndGlobalSection
	GlobalSection(ProjectConfigurationPlatforms) = postSolution
		{09B5D9F6-2702-C3EE-DD53-34FBA82563C4}.Debug|Any CPU.ActiveCfg = Debug|Any CPU
		{09B5D9F6-2702-C3EE-DD53-34FBA82563C4}.Debug|Any CPU.Build.0 = Debug|Any CPU
		{09B5D9F6-2702-C3EE-DD53-34FBA82563C4}.Debug|x64.ActiveCfg = Debug|Any CPU
		{09B5D9F6-2702-C3EE-DD53-34FBA82563C4}.Debug|x64.Build.0 = Debug|Any CPU
		{09B5D9F6-2702-C3EE-DD53-34FBA82563C4}.Debug|x86.ActiveCfg = Debug|Any CPU
		{09B5D9F6-2702-C3EE-DD53-34FBA82563C4}.Debug|x86.Build.0 = Debug|Any CPU
		{09B5D9F6-2702-C3EE-DD53-34FBA82563C4}.Release|Any CPU.ActiveCfg = Release|Any CPU
		{09B5D9F6-2702-C3EE-DD53-34FBA82563C4}.Release|Any CPU.Build.0 = Release|Any CPU
		{09B5D9F6-2702-C3EE-DD53-34FBA82563C4}.Release|x64.ActiveCfg = Release|Any CPU
		{09B5D9F6-2702-C3EE-DD53-34FBA82563C4}.Release|x64.Build.0 = Release|Any CPU
		{09B5D9F6-2702-C3EE-DD53-34FBA82563C4}.Release|x86.ActiveCfg = Release|Any CPU
		{09B5D9F6-2702-C3EE-DD53-34FBA82563C4}.Release|x86.Build.0 = Release|Any CPU
		{DBC6348B-A153-D07B-789E-B77F1D1598E3}.Debug|Any CPU.ActiveCfg = Debug|Any CPU
		{DBC6348B-A153-D07B-789E-B77F1D1598E3}.Debug|Any CPU.Build.0 = Debug|Any CPU
		{DBC6348B-A153-D07B-789E-B77F1D1598E3}.Debug|x64.ActiveCfg = Debug|Any CPU
		{DBC6348B-A153-D07B-789E-B77F1D1598E3}.Debug|x64.Build.0 = Debug|Any CPU
		{DBC6348B-A153-D07B-789E-B77F1D1598E3}.Debug|x86.ActiveCfg = Debug|Any CPU
		{DBC6348B-A153-D07B-789E-B77F1D1598E3}.Debug|x86.Build.0 = Debug|Any CPU
		{DBC6348B-A153-D07B-789E-B77F1D1598E3}.Release|Any CPU.ActiveCfg = ExportDebug|Any CPU
		{DBC6348B-A153-D07B-789E-B77F1D1598E3}.Release|Any CPU.Build.0 = ExportDebug|Any CPU
		{DBC6348B-A153-D07B-789E-B77F1D1598E3}.Release|x64.ActiveCfg = Release|Any CPU
		{DBC6348B-A153-D07B-789E-B77F1D1598E3}.Release|x64.Build.0 = Release|Any CPU
		{DBC6348B-A153-D07B-789E-B77F1D1598E3}.Release|x86.ActiveCfg = Release|Any CPU
		{DBC6348B-A153-D07B-789E-B77F1D1598E3}.Release|x86.Build.0 = Release|Any CPU
		{7795A43F-6CEE-1B54-B381-3B59DDD8C13A}.Debug|Any CPU.ActiveCfg = Debug|Any CPU
		{7795A43F-6CEE-1B54-B381-3B59DDD8C13A}.Debug|Any CPU.Build.0 = Debug|Any CPU
		{7795A43F-6CEE-1B54-B381-3B59DDD8C13A}.Debug|x64.ActiveCfg = Debug|Any CPU
		{7795A43F-6CEE-1B54-B381-3B59DDD8C13A}.Debug|x64.Build.0 = Debug|Any CPU
		{7795A43F-6CEE-1B54-B381-3B59DDD8C13A}.Debug|x86.ActiveCfg = Debug|Any CPU
		{7795A43F-6CEE-1B54-B381-3B59DDD8C13A}.Debug|x86.Build.0 = Debug|Any CPU
		{7795A43F-6CEE-1B54-B381-3B59DDD8C13A}.Release|Any CPU.ActiveCfg = Release|Any CPU
		{7795A43F-6CEE-1B54-B381-3B59DDD8C13A}.Release|Any CPU.Build.0 = Release|Any CPU
		{7795A43F-6CEE-1B54-B381-3B59DDD8C13A}.Release|x64.ActiveCfg = Release|Any CPU
		{7795A43F-6CEE-1B54-B381-3B59DDD8C13A}.Release|x64.Build.0 = Release|Any CPU
		{7795A43F-6CEE-1B54-B381-3B59DDD8C13A}.Release|x86.ActiveCfg = Release|Any CPU
		{7795A43F-6CEE-1B54-B381-3B59DDD8C13A}.Release|x86.Build.0 = Release|Any CPU
		{8B3AA42A-BA32-4AFF-92A7-524B80329F90}.Debug|Any CPU.ActiveCfg = Debug|Any CPU
		{8B3AA42A-BA32-4AFF-92A7-524B80329F90}.Debug|Any CPU.Build.0 = Debug|Any CPU
		{8B3AA42A-BA32-4AFF-92A7-524B80329F90}.Debug|x64.ActiveCfg = Debug|Any CPU
		{8B3AA42A-BA32-4AFF-92A7-524B80329F90}.Debug|x64.Build.0 = Debug|Any CPU
		{8B3AA42A-BA32-4AFF-92A7-524B80329F90}.Debug|x86.ActiveCfg = Debug|Any CPU
		{8B3AA42A-BA32-4AFF-92A7-524B80329F90}.Debug|x86.Build.0 = Debug|Any CPU
		{8B3AA42A-BA32-4AFF-92A7-524B80329F90}.Release|Any CPU.ActiveCfg = Release|Any CPU
		{8B3AA42A-BA32-4AFF-92A7-524B80329F90}.Release|Any CPU.Build.0 = Release|Any CPU
		{8B3AA42A-BA32-4AFF-92A7-524B80329F90}.Release|x64.ActiveCfg = Release|Any CPU
		{8B3AA42A-BA32-4AFF-92A7-524B80329F90}.Release|x64.Build.0 = Release|Any CPU
		{8B3AA42A-BA32-4AFF-92A7-524B80329F90}.Release|x86.ActiveCfg = Release|Any CPU
		{8B3AA42A-BA32-4AFF-92A7-524B80329F90}.Release|x86.Build.0 = Release|Any CPU
		{7240C590-F327-4F8F-BC6F-75DE1DF82534}.Debug|Any CPU.ActiveCfg = Debug|Any CPU
		{7240C590-F327-4F8F-BC6F-75DE1DF82534}.Debug|Any CPU.Build.0 = Debug|Any CPU
		{7240C590-F327-4F8F-BC6F-75DE1DF82534}.Debug|x64.ActiveCfg = Debug|Any CPU
		{7240C590-F327-4F8F-BC6F-75DE1DF82534}.Debug|x64.Build.0 = Debug|Any CPU
		{7240C590-F327-4F8F-BC6F-75DE1DF82534}.Debug|x86.ActiveCfg = Debug|Any CPU
		{7240C590-F327-4F8F-BC6F-75DE1DF82534}.Debug|x86.Build.0 = Debug|Any CPU
		{7240C590-F327-4F8F-BC6F-75DE1DF82534}.Release|Any CPU.ActiveCfg = Release|Any CPU
		{7240C590-F327-4F8F-BC6F-75DE1DF82534}.Release|Any CPU.Build.0 = Release|Any CPU
		{7240C590-F327-4F8F-BC6F-75DE1DF82534}.Release|x64.ActiveCfg = Release|Any CPU
		{7240C590-F327-4F8F-BC6F-75DE1DF82534}.Release|x64.Build.0 = Release|Any CPU
		{7240C590-F327-4F8F-BC6F-75DE1DF82534}.Release|x86.ActiveCfg = Release|Any CPU
		{7240C590-F327-4F8F-BC6F-75DE1DF82534}.Release|x86.Build.0 = Release|Any CPU
		{4DA0E7F6-4213-4A3B-8DC5-E07CEA0C6584}.Debug|Any CPU.ActiveCfg = Debug|Any CPU
		{4DA0E7F6-4213-4A3B-8DC5-E07CEA0C6584}.Debug|Any CPU.Build.0 = Debug|Any CPU
		{4DA0E7F6-4213-4A3B-8DC5-E07CEA0C6584}.Debug|x64.ActiveCfg = Debug|Any CPU
		{4DA0E7F6-4213-4A3B-8DC5-E07CEA0C6584}.Debug|x64.Build.0 = Debug|Any CPU
		{4DA0E7F6-4213-4A3B-8DC5-E07CEA0C6584}.Debug|x86.ActiveCfg = Debug|Any CPU
		{4DA0E7F6-4213-4A3B-8DC5-E07CEA0C6584}.Debug|x86.Build.0 = Debug|Any CPU
		{4DA0E7F6-4213-4A3B-8DC5-E07CEA0C6584}.Release|Any CPU.ActiveCfg = Release|Any CPU
		{4DA0E7F6-4213-4A3B-8DC5-E07CEA0C6584}.Release|Any CPU.Build.0 = Release|Any CPU
		{4DA0E7F6-4213-4A3B-8DC5-E07CEA0C6584}.Release|x64.ActiveCfg = Release|Any CPU
		{4DA0E7F6-4213-4A3B-8DC5-E07CEA0C6584}.Release|x64.Build.0 = Release|Any CPU
		{4DA0E7F6-4213-4A3B-8DC5-E07CEA0C6584}.Release|x86.ActiveCfg = Release|Any CPU
		{4DA0E7F6-4213-4A3B-8DC5-E07CEA0C6584}.Release|x86.Build.0 = Release|Any CPU
		{111980B3-7340-48A9-9F4F-D41087DC4160}.Debug|Any CPU.ActiveCfg = Debug|Any CPU
		{111980B3-7340-48A9-9F4F-D41087DC4160}.Debug|Any CPU.Build.0 = Debug|Any CPU
		{111980B3-7340-48A9-9F4F-D41087DC4160}.Debug|x64.ActiveCfg = Debug|Any CPU
		{111980B3-7340-48A9-9F4F-D41087DC4160}.Debug|x64.Build.0 = Debug|Any CPU
		{111980B3-7340-48A9-9F4F-D41087DC4160}.Debug|x86.ActiveCfg = Debug|Any CPU
		{111980B3-7340-48A9-9F4F-D41087DC4160}.Debug|x86.Build.0 = Debug|Any CPU
		{111980B3-7340-48A9-9F4F-D41087DC4160}.Release|Any CPU.ActiveCfg = Release|Any CPU
		{111980B3-7340-48A9-9F4F-D41087DC4160}.Release|Any CPU.Build.0 = Release|Any CPU
		{111980B3-7340-48A9-9F4F-D41087DC4160}.Release|x64.ActiveCfg = Release|Any CPU
		{111980B3-7340-48A9-9F4F-D41087DC4160}.Release|x64.Build.0 = Release|Any CPU
		{111980B3-7340-48A9-9F4F-D41087DC4160}.Release|x86.ActiveCfg = Release|Any CPU
		{111980B3-7340-48A9-9F4F-D41087DC4160}.Release|x86.Build.0 = Release|Any CPU
		{D05BE2F8-E425-45CE-BF12-070AAC7CF577}.Debug|Any CPU.ActiveCfg = Debug|Any CPU
		{D05BE2F8-E425-45CE-BF12-070AAC7CF577}.Debug|Any CPU.Build.0 = Debug|Any CPU
		{D05BE2F8-E425-45CE-BF12-070AAC7CF577}.Debug|x64.ActiveCfg = Debug|Any CPU
		{D05BE2F8-E425-45CE-BF12-070AAC7CF577}.Debug|x64.Build.0 = Debug|Any CPU
		{D05BE2F8-E425-45CE-BF12-070AAC7CF577}.Debug|x86.ActiveCfg = Debug|Any CPU
		{D05BE2F8-E425-45CE-BF12-070AAC7CF577}.Debug|x86.Build.0 = Debug|Any CPU
		{D05BE2F8-E425-45CE-BF12-070AAC7CF577}.Release|Any CPU.ActiveCfg = Release|Any CPU
		{D05BE2F8-E425-45CE-BF12-070AAC7CF577}.Release|Any CPU.Build.0 = Release|Any CPU
		{D05BE2F8-E425-45CE-BF12-070AAC7CF577}.Release|x64.ActiveCfg = Release|Any CPU
		{D05BE2F8-E425-45CE-BF12-070AAC7CF577}.Release|x64.Build.0 = Release|Any CPU
		{D05BE2F8-E425-45CE-BF12-070AAC7CF577}.Release|x86.ActiveCfg = Release|Any CPU
		{D05BE2F8-E425-45CE-BF12-070AAC7CF577}.Release|x86.Build.0 = Release|Any CPU
	EndGlobalSection
	GlobalSection(SolutionProperties) = preSolution
		HideSolutionNode = FALSE
	EndGlobalSection
	GlobalSection(NestedProjects) = preSolution
		{68E0F389-9CC9-3EEE-FBCF-ED9971472459} = {1A2F7B9D-5846-1528-F563-C545B7A46BFA}
		{58469D08-8E5C-EFD4-ED08-D1564182FF85} = {68E0F389-9CC9-3EEE-FBCF-ED9971472459}
		{111980B3-7340-48A9-9F4F-D41087DC4160} = {58469D08-8E5C-EFD4-ED08-D1564182FF85}
		{62018361-E2A6-0A28-C1F4-0F8FCE541FB5} = {68E0F389-9CC9-3EEE-FBCF-ED9971472459}
		{D05BE2F8-E425-45CE-BF12-070AAC7CF577} = {62018361-E2A6-0A28-C1F4-0F8FCE541FB5}
	EndGlobalSection
	GlobalSection(ExtensibilityGlobals) = postSolution
		SolutionGuid = {02A920E8-BFE0-4249-ACFC-AB81C279FD00}
	EndGlobalSection
EndGlobal
